
Microsoft Visual Studio Solution File, Format Version 12.00
# Visual Studio Version 17
VisualStudioVersion = 17.14.36623.8
MinimumVisualStudioVersion = 10.0.40219.1
Project("{2150E333-8FDC-42A3-9474-1A3956D46DE8}") = "Chapter00", "Chapter00", "{DDB4EF12-CC4E-5E88-E6FC-71A802F4DE97}"
EndProject
Project("{FAE04EC0-301F-11D3-BF4B-00C04F79EFBC}") = "Sample0416", "Chapter00\Sample0416\Sample0416.csproj", "{95BFA75F-778B-491E-8002-5647D129090D}"
EndProject
Project("{FAE04EC0-301F-11D3-BF4B-00C04F79EFBC}") = "Sample0415", "Chapter00\Sample0415\Sample0415\Sample0415.csproj", "{D0F00D84-AD20-C5D6-67FE-85D6CB59A7CE}"
EndProject
Project("{FAE04EC0-301F-11D3-BF4B-00C04F79EFBC}") = "Sample0413", "Chapter00\Sample0413\Sample0413\Sample0413.csproj", "{EB11C1AF-3BBE-9D8B-B13B-CEF382F22312}"
EndProject
Project("{2150E333-8FDC-42A3-9474-1A3956D46DE8}") = "Chapter01", "Chapter01", "{87C9014C-9F87-43B6-AFF2-57FF401CD8FC}"
EndProject
Project("{2150E333-8FDC-42A3-9474-1A3956D46DE8}") = "Chapter02", "Chapter02", "{E7867D3C-3C42-4498-8ADD-2EA803749B88}"
EndProject
Project("{2150E333-8FDC-42A3-9474-1A3956D46DE8}") = "距離換算プログラム", "距離換算プログラム", "{9A0C516F-F296-4C56-B2DA-0C699CE241C5}"
EndProject
Project("{FAE04EC0-301F-11D3-BF4B-00C04F79EFBC}") = "DistanceConverter", "Chapter02\距離換算プログラム\DistanceConverter\DistanceConverter.csproj", "{3B82A3AB-C410-4585-AEFA-AE849DF52334}"
EndProject
Project("{2150E333-8FDC-42A3-9474-1A3956D46DE8}") = "Chapter04", "Chapter04", "{B1AEB887-789A-445E-A863-749157B85DA8}"
EndProject
Project("{2150E333-8FDC-42A3-9474-1A3956D46DE8}") = "p108_文字列を数値に変換する", "p108_文字列を数値に変換する", "{B9B4627A-C81D-4B33-B5C5-AF3F3FBE8298}"
EndProject
Project("{FAE04EC0-301F-11D3-BF4B-00C04F79EFBC}") = "Code4_36", "Chapter04\文字列を数値に変換する\Code4_36\Code4_36.csproj", "{821A02C2-47EE-C695-4C82-2CC78841F196}"
EndProject
Project("{2150E333-8FDC-42A3-9474-1A3956D46DE8}") = "売り上げ集計プログラム", "売り上げ集計プログラム", "{BE1C42B3-6938-4591-BD34-41280C6D6947}"
EndProject
Project("{FAE04EC0-301F-11D3-BF4B-00C04F79EFBC}") = "SalesCalculator", "Chapter02\売り上げ集計プログラム\SalesCalculator\SalesCalculator.csproj", "{776C3901-4D92-4DB8-A8E2-42B157DCFF86}"
EndProject
Project("{2150E333-8FDC-42A3-9474-1A3956D46DE8}") = "演習問題", "演習問題", "{FC3063DF-FF5F-4116-80A3-7F2463FBAC70}"
EndProject
Project("{FAE04EC0-301F-11D3-BF4B-00C04F79EFBC}") = "Exercise01", "Chapter02\演習問題\Exercise01\Exercise01.csproj", "{23BBE9C1-7FC4-45CA-9209-F00DEE53EDC3}"
EndProject
Project("{FAE04EC0-301F-11D3-BF4B-00C04F79EFBC}") = "Exercise02", "Chapter02\演習問題\Exercise02\Exercise02.csproj", "{8A5982E7-0E89-4317-9BEC-C1BA281889AC}"
EndProject
Global
	GlobalSection(SolutionConfigurationPlatforms) = preSolution
		Debug|Any CPU = Debug|Any CPU
		Release|Any CPU = Release|Any CPU
	EndGlobalSection
	GlobalSection(ProjectConfigurationPlatforms) = postSolution
		{95BFA75F-778B-491E-8002-5647D129090D}.Debug|Any CPU.ActiveCfg = Debug|Any CPU
		{95BFA75F-778B-491E-8002-5647D129090D}.Debug|Any CPU.Build.0 = Debug|Any CPU
		{95BFA75F-778B-491E-8002-5647D129090D}.Release|Any CPU.ActiveCfg = Release|Any CPU
		{95BFA75F-778B-491E-8002-5647D129090D}.Release|Any CPU.Build.0 = Release|Any CPU
		{D0F00D84-AD20-C5D6-67FE-85D6CB59A7CE}.Debug|Any CPU.ActiveCfg = Debug|Any CPU
		{D0F00D84-AD20-C5D6-67FE-85D6CB59A7CE}.Debug|Any CPU.Build.0 = Debug|Any CPU
		{D0F00D84-AD20-C5D6-67FE-85D6CB59A7CE}.Release|Any CPU.ActiveCfg = Release|Any CPU
		{D0F00D84-AD20-C5D6-67FE-85D6CB59A7CE}.Release|Any CPU.Build.0 = Release|Any CPU
		{EB11C1AF-3BBE-9D8B-B13B-CEF382F22312}.Debug|Any CPU.ActiveCfg = Debug|Any CPU
		{EB11C1AF-3BBE-9D8B-B13B-CEF382F22312}.Debug|Any CPU.Build.0 = Debug|Any CPU
		{EB11C1AF-3BBE-9D8B-B13B-CEF382F22312}.Release|Any CPU.ActiveCfg = Release|Any CPU
		{EB11C1AF-3BBE-9D8B-B13B-CEF382F22312}.Release|Any CPU.Build.0 = Release|Any CPU
		{3B82A3AB-C410-4585-AEFA-AE849DF52334}.Debug|Any CPU.ActiveCfg = Debug|Any CPU
		{3B82A3AB-C410-4585-AEFA-AE849DF52334}.Debug|Any CPU.Build.0 = Debug|Any CPU
		{3B82A3AB-C410-4585-AEFA-AE849DF52334}.Release|Any CPU.ActiveCfg = Release|Any CPU
		{3B82A3AB-C410-4585-AEFA-AE849DF52334}.Release|Any CPU.Build.0 = Release|Any CPU
		{821A02C2-47EE-C695-4C82-2CC78841F196}.Debug|Any CPU.ActiveCfg = Debug|Any CPU
		{821A02C2-47EE-C695-4C82-2CC78841F196}.Debug|Any CPU.Build.0 = Debug|Any CPU
		{821A02C2-47EE-C695-4C82-2CC78841F196}.Release|Any CPU.ActiveCfg = Release|Any CPU
		{821A02C2-47EE-C695-4C82-2CC78841F196}.Release|Any CPU.Build.0 = Release|Any CPU
		{776C3901-4D92-4DB8-A8E2-42B157DCFF86}.Debug|Any CPU.ActiveCfg = Debug|Any CPU
		{776C3901-4D92-4DB8-A8E2-42B157DCFF86}.Debug|Any CPU.Build.0 = Debug|Any CPU
		{776C3901-4D92-4DB8-A8E2-42B157DCFF86}.Release|Any CPU.ActiveCfg = Release|Any CPU
		{776C3901-4D92-4DB8-A8E2-42B157DCFF86}.Release|Any CPU.Build.0 = Release|Any CPU
		{23BBE9C1-7FC4-45CA-9209-F00DEE53EDC3}.Debug|Any CPU.ActiveCfg = Debug|Any CPU
		{23BBE9C1-7FC4-45CA-9209-F00DEE53EDC3}.Debug|Any CPU.Build.0 = Debug|Any CPU
		{23BBE9C1-7FC4-45CA-9209-F00DEE53EDC3}.Release|Any CPU.ActiveCfg = Release|Any CPU
		{23BBE9C1-7FC4-45CA-9209-F00DEE53EDC3}.Release|Any CPU.Build.0 = Release|Any CPU
		{8A5982E7-0E89-4317-9BEC-C1BA281889AC}.Debug|Any CPU.ActiveCfg = Debug|Any CPU
		{8A5982E7-0E89-4317-9BEC-C1BA281889AC}.Debug|Any CPU.Build.0 = Debug|Any CPU
		{8A5982E7-0E89-4317-9BEC-C1BA281889AC}.Release|Any CPU.ActiveCfg = Release|Any CPU
		{8A5982E7-0E89-4317-9BEC-C1BA281889AC}.Release|Any CPU.Build.0 = Release|Any CPU
	EndGlobalSection
	GlobalSection(SolutionProperties) = preSolution
		HideSolutionNode = FALSE
	EndGlobalSection
	GlobalSection(NestedProjects) = preSolution
		{95BFA75F-778B-491E-8002-5647D129090D} = {DDB4EF12-CC4E-5E88-E6FC-71A802F4DE97}
		{D0F00D84-AD20-C5D6-67FE-85D6CB59A7CE} = {DDB4EF12-CC4E-5E88-E6FC-71A802F4DE97}
		{EB11C1AF-3BBE-9D8B-B13B-CEF382F22312} = {DDB4EF12-CC4E-5E88-E6FC-71A802F4DE97}
		{9A0C516F-F296-4C56-B2DA-0C699CE241C5} = {E7867D3C-3C42-4498-8ADD-2EA803749B88}
		{3B82A3AB-C410-4585-AEFA-AE849DF52334} = {9A0C516F-F296-4C56-B2DA-0C699CE241C5}
		{B9B4627A-C81D-4B33-B5C5-AF3F3FBE8298} = {B1AEB887-789A-445E-A863-749157B85DA8}
		{821A02C2-47EE-C695-4C82-2CC78841F196} = {B9B4627A-C81D-4B33-B5C5-AF3F3FBE8298}
		{BE1C42B3-6938-4591-BD34-41280C6D6947} = {E7867D3C-3C42-4498-8ADD-2EA803749B88}
		{776C3901-4D92-4DB8-A8E2-42B157DCFF86} = {BE1C42B3-6938-4591-BD34-41280C6D6947}
		{FC3063DF-FF5F-4116-80A3-7F2463FBAC70} = {E7867D3C-3C42-4498-8ADD-2EA803749B88}
		{23BBE9C1-7FC4-45CA-9209-F00DEE53EDC3} = {FC3063DF-FF5F-4116-80A3-7F2463FBAC70}
		{8A5982E7-0E89-4317-9BEC-C1BA281889AC} = {FC3063DF-FF5F-4116-80A3-7F2463FBAC70}
	EndGlobalSection
	GlobalSection(ExtensibilityGlobals) = postSolution
		SolutionGuid = {38D18EC0-5ECC-439D-B543-68163742897D}
	EndGlobalSection
EndGlobal
