
Microsoft Visual Studio Solution File, Format Version 12.00
# Visual Studio Version 17
VisualStudioVersion = 17.14.36623.8
MinimumVisualStudioVersion = 10.0.40219.1
Project("{2150E333-8FDC-42A3-9474-1A3956D46DE8}") = "Chapter00", "Chapter00", "{DDB4EF12-CC4E-5E88-E6FC-71A802F4DE97}"
EndProject
Project("{FAE04EC0-301F-11D3-BF4B-00C04F79EFBC}") = "Sample0416", "Chapter00\Sample0416\Sample0416.csproj", "{95BFA75F-778B-491E-8002-5647D129090D}"
EndProject
Project("{FAE04EC0-301F-11D3-BF4B-00C04F79EFBC}") = "Sample0415", "Chapter00\Sample0415\Sample0415\Sample0415.csproj", "{D0F00D84-AD20-C5D6-67FE-85D6CB59A7CE}"
EndProject
Project("{FAE04EC0-301F-11D3-BF4B-00C04F79EFBC}") = "Sample0413", "Chapter00\Sample0413\Sample0413\Sample0413.csproj", "{EB11C1AF-3BBE-9D8B-B13B-CEF382F22312}"
EndProject
Project("{2150E333-8FDC-42A3-9474-1A3956D46DE8}") = "Chapter01", "Chapter01", "{87C9014C-9F87-43B6-AFF2-57FF401CD8FC}"
EndProject
Project("{2150E333-8FDC-42A3-9474-1A3956D46DE8}") = "Chapter02", "Chapter02", "{E7867D3C-3C42-4498-8ADD-2EA803749B88}"
EndProject
Project("{2150E333-8FDC-42A3-9474-1A3956D46DE8}") = "距離換算プログラム", "距離換算プログラム", "{9A0C516F-F296-4C56-B2DA-0C699CE241C5}"
EndProject
Project("{FAE04EC0-301F-11D3-BF4B-00C04F79EFBC}") = "DistanceConverter", "Chapter02\距離換算プログラム\DistanceConverter\DistanceConverter.csproj", "{3B82A3AB-C410-4585-AEFA-AE849DF52334}"
EndProject
Project("{2150E333-8FDC-42A3-9474-1A3956D46DE8}") = "Chapter04", "Chapter04", "{B1AEB887-789A-445E-A863-749157B85DA8}"
EndProject
Project("{2150E333-8FDC-42A3-9474-1A3956D46DE8}") = "p108_文字列を数値に変換する", "p108_文字列を数値に変換する", "{B9B4627A-C81D-4B33-B5C5-AF3F3FBE8298}"
EndProject
Project("{FAE04EC0-301F-11D3-BF4B-00C04F79EFBC}") = "Code4_36", "Chapter04\文字列を数値に変換する\Code4_36\Code4_36.csproj", "{821A02C2-47EE-C695-4C82-2CC78841F196}"
EndProject
Project("{2150E333-8FDC-42A3-9474-1A3956D46DE8}") = "売り上げ集計プログラム", "売り上げ集計プログラム", "{BE1C42B3-6938-4591-BD34-41280C6D6947}"
EndProject
Project("{FAE04EC0-301F-11D3-BF4B-00C04F79EFBC}") = "SalesCalculator", "Chapter02\売り上げ集計プログラム\SalesCalculator\SalesCalculator.csproj", "{776C3901-4D92-4DB8-A8E2-42B157DCFF86}"
EndProject
Project("{2150E333-8FDC-42A3-9474-1A3956D46DE8}") = "演習問題", "演習問題", "{FC3063DF-FF5F-4116-80A3-7F2463FBAC70}"
EndProject
Project("{FAE04EC0-301F-11D3-BF4B-00C04F79EFBC}") = "Exercise01", "Chapter02\演習問題\Exercise01\Exercise01.csproj", "{23BBE9C1-7FC4-45CA-9209-F00DEE53EDC3}"
EndProject
Project("{FAE04EC0-301F-11D3-BF4B-00C04F79EFBC}") = "Exercise02", "Chapter02\演習問題\Exercise02\Exercise02.csproj", "{8A5982E7-0E89-4317-9BEC-C1BA281889AC}"
EndProject
Project("{2150E333-8FDC-42A3-9474-1A3956D46DE8}") = "Chapter03", "Chapter03", "{4C2F7992-9D7C-46E5-B7B6-9A3D0E28DB07}"
EndProject
Project("{2150E333-8FDC-42A3-9474-1A3956D46DE8}") = "ラムダ式とLINQ", "ラムダ式とLINQ", "{7CA38F68-463B-4A65-A77F-D03F6AF0E648}"
EndProject
Project("{2150E333-8FDC-42A3-9474-1A3956D46DE8}") = "演習問題", "演習問題", "{A6A4F936-023B-4F65-91DC-F72E8B07E9AD}"
EndProject
Project("{FAE04EC0-301F-11D3-BF4B-00C04F79EFBC}") = "Exercise01", "Chapter03\演習問題\Exercise01\Exercise01.csproj", "{A708CB98-EAFC-4814-AF3F-1FBC17AD48AF}"
EndProject
Project("{FAE04EC0-301F-11D3-BF4B-00C04F79EFBC}") = "Section04", "Chapter03\ラムダ式とLINQ\Section04\Section04.csproj", "{593D473D-6DC2-66C1-6204-0F54E4617145}"
EndProject
Project("{FAE04EC0-301F-11D3-BF4B-00C04F79EFBC}") = "Section01", "Chapter03\ラムダ式とLINQ\Section01\Section01.csproj", "{BD251C86-9DCB-D52C-D711-57EDAD770B9E}"
EndProject
Project("{FAE04EC0-301F-11D3-BF4B-00C04F79EFBC}") = "Exercise02", "Chapter03\演習問題\Exercise02\Exercise02.csproj", "{9661600F-9E2E-EC39-AFA2-64DBC15CE967}"
EndProject
Project("{2150E333-8FDC-42A3-9474-1A3956D46DE8}") = "P098 nullに関するイディオム", "P098 nullに関するイディオム", "{707A624B-2B2C-4F67-8D53-A627B632C48A}"
EndProject
Project("{FAE04EC0-301F-11D3-BF4B-00C04F79EFBC}") = "Section04", "Chapter04\nullに関するイディオム\Section04\Section04.csproj", "{1852BB95-25DD-4FFF-9EA1-58C5992DE877}"
EndProject
Project("{2150E333-8FDC-42A3-9474-1A3956D46DE8}") = "演習問題", "演習問題", "{E04457A0-675F-48D2-B8DA-BA3559986912}"
EndProject
Project("{FAE04EC0-301F-11D3-BF4B-00C04F79EFBC}") = "Exercise01", "Chapter04\演習問題\Exercise01\Exercise01.csproj", "{8713E613-9C34-42A4-B54A-FF94BE6D7733}"
EndProject
Project("{FAE04EC0-301F-11D3-BF4B-00C04F79EFBC}") = "Exercise02", "Chapter04\演習問題\Exercise02\Exercise02.csproj", "{C1D63E63-E64B-FCB7-4276-5EBCB0FEC291}"
EndProject
Project("{2150E333-8FDC-42A3-9474-1A3956D46DE8}") = "Chapter05", "Chapter05", "{E82A8C88-AC2D-4A4A-8E6A-707872CB744F}"
EndProject
Project("{2150E333-8FDC-42A3-9474-1A3956D46DE8}") = "プロパティに関するイディオム", "プロパティに関するイディオム", "{04E25251-1240-4B3A-9B99-0C7EA36E3BAA}"
EndProject
Project("{FAE04EC0-301F-11D3-BF4B-00C04F79EFBC}") = "Section01", "Chapter05\プロパティに関するイディオム\Section01\Section01.csproj", "{57DE488F-4A07-4FC8-AA79-1005A44D1F56}"
EndProject
Project("{2150E333-8FDC-42A3-9474-1A3956D46DE8}") = "メソッドに関するイディオム", "メソッドに関するイディオム", "{C59E1F94-1FC5-4082-9C8A-24744872353D}"
EndProject
Project("{FAE04EC0-301F-11D3-BF4B-00C04F79EFBC}") = "Section02", "Chapter05\メソッドに関するイディオム\Section02\Section02.csproj", "{24F402D5-6AB4-4767-807C-4AF149D7B502}"
EndProject
Project("{2150E333-8FDC-42A3-9474-1A3956D46DE8}") = "演習問題", "演習問題", "{408B4009-7AA9-419E-9601-624158E3F537}"
EndProject
Project("{FAE04EC0-301F-11D3-BF4B-00C04F79EFBC}") = "Exercise01", "Chapter05\演習問題\Exercise01\Exercise01.csproj", "{4641299D-8432-4709-BF34-AE91FCDCFBCA}"
EndProject
Project("{FAE04EC0-301F-11D3-BF4B-00C04F79EFBC}") = "Exercise02", "Chapter05\演習問題\Exercise02\Exercise02.csproj", "{A3ACA33D-6226-7668-2993-2FC9EA8C783B}"
EndProject
Project("{FAE04EC0-301F-11D3-BF4B-00C04F79EFBC}") = "Exercise03", "Chapter05\演習問題\Exercise03\Exercise03.csproj", "{65730FB7-9051-4A8E-AE9C-F6B7588FB7B6}"
EndProject
Project("{2150E333-8FDC-42A3-9474-1A3956D46DE8}") = "Chapter06", "Chapter06", "{CE2B5EEB-E5DC-4AB1-BF5A-4648BF54E386}"
EndProject
Project("{2150E333-8FDC-42A3-9474-1A3956D46DE8}") = "文字列の比較", "文字列の比較", "{07A0FC39-AD2A-4794-A249-DF21233DAE8B}"
EndProject
Project("{FAE04EC0-301F-11D3-BF4B-00C04F79EFBC}") = "Section01", "Chapter06\文字列の比較\Section01\Section01.csproj", "{BD7E859B-337A-4956-8A66-140C00002ED8}"
EndProject
Project("{2150E333-8FDC-42A3-9474-1A3956D46DE8}") = "演習問題", "演習問題", "{E8EA88B5-D880-466D-84EB-79DCF12E6137}"
EndProject
Project("{FAE04EC0-301F-11D3-BF4B-00C04F79EFBC}") = "Exercise01", "Chapter06\演習問題\Exercise01\Exercise01.csproj", "{B3D7D749-A4F9-47E9-A16A-BE04893FCF57}"
EndProject
Project("{FAE04EC0-301F-11D3-BF4B-00C04F79EFBC}") = "Exercise02", "Chapter06\演習問題\Exercise02\Exercise02.csproj", "{080987E0-6E06-4A3B-B7DF-FEDDCFE0ACC5}"
EndProject
Project("{FAE04EC0-301F-11D3-BF4B-00C04F79EFBC}") = "Exercise03", "Chapter06\演習問題\Exercise03\Exercise03.csproj", "{766DC129-B7E6-6BE5-67FF-02794A6C9D6A}"
EndProject
Project("{2150E333-8FDC-42A3-9474-1A3956D46DE8}") = "文字列の連結と分割", "文字列の連結と分割", "{4BA32E51-734A-48AD-BF60-D8C35EFEDF70}"
EndProject
Project("{FAE04EC0-301F-11D3-BF4B-00C04F79EFBC}") = "Section05", "Chapter06\文字列の連結と分割\Section05\Section05.csproj", "{2959F0AC-F72E-4C66-A446-A95739ED734F}"
EndProject
Project("{FAE04EC0-301F-11D3-BF4B-00C04F79EFBC}") = "Exercise04", "Chapter06\演習問題\Exercise04\Exercise04.csproj", "{8758FBDB-9295-0DA5-31B6-DA01667F06FB}"
EndProject
Project("{2150E333-8FDC-42A3-9474-1A3956D46DE8}") = "Chapter07", "Chapter07", "{D4C652D0-ED9A-4AEB-AE23-240D42220A26}"
EndProject
Project("{2150E333-8FDC-42A3-9474-1A3956D46DE8}") = "演習問題", "演習問題", "{C12E271D-1270-4550-AD0E-3CA38215AA4F}"
EndProject
Project("{FAE04EC0-301F-11D3-BF4B-00C04F79EFBC}") = "Section01", "Chapter07\Section01\Section01.csproj", "{C4BA35DB-71B3-4A45-8007-67B6CF6970EF}"
EndProject
Project("{FAE04EC0-301F-11D3-BF4B-00C04F79EFBC}") = "Exersice01", "Chapter07\演習問題\Exersice01\Exersice01.csproj", "{1A72B873-1A6B-4243-B259-AB2F98F67CF3}"
EndProject
Project("{FAE04EC0-301F-11D3-BF4B-00C04F79EFBC}") = "Exercise02", "Chapter07\演習問題\Exercise02\Exercise02.csproj", "{09D01F2D-A9C1-7ADF-ACF0-6CE8655624B3}"
EndProject
Project("{2150E333-8FDC-42A3-9474-1A3956D46DE8}") = "TestProject", "TestProject", "{BF8DC911-0677-463C-97B3-F63E5F755639}"
EndProject
Project("{FAE04EC0-301F-11D3-BF4B-00C04F79EFBC}") = "Test01_01", "TestProject\Test01_01\Test01_01.csproj", "{B8441293-5D7D-B752-6216-4C5005BF772D}"
EndProject
Project("{FAE04EC0-301F-11D3-BF4B-00C04F79EFBC}") = "Test01_02", "TestProject\Test01_02\Test01_02.csproj", "{D7F347E4-C87C-CC1A-89F8-6D28A7CCB4B3}"
EndProject
Project("{2150E333-8FDC-42A3-9474-1A3956D46DE8}") = "Chapter08", "Chapter08", "{0F217356-41C2-43BE-9C45-AAD3A76DE203}"
EndProject
Project("{FAE04EC0-301F-11D3-BF4B-00C04F79EFBC}") = "Section01", "Chapter08\Section01\Section01.csproj", "{8E6BD6D0-3412-4922-813A-BF2BA3AF038B}"
EndProject
Project("{FAE04EC0-301F-11D3-BF4B-00C04F79EFBC}") = "Section02", "Chapter08\Section02\Section02.csproj", "{27B8A732-F6B0-0004-1291-A3D8F76543D5}"
EndProject
Project("{FAE04EC0-301F-11D3-BF4B-00C04F79EFBC}") = "Section03", "Chapter08\Section03\Section03.csproj", "{7C06D570-5236-67C0-200D-EFEA42F6ED6E}"
EndProject
Project("{2150E333-8FDC-42A3-9474-1A3956D46DE8}") = "演習問題", "演習問題", "{F46D50AB-3586-4C58-95A2-C3CC731EBC95}"
EndProject
Project("{FAE04EC0-301F-11D3-BF4B-00C04F79EFBC}") = "Exercise01", "Chapter08\演習問題\Exercise01\Exercise01.csproj", "{D589C9D2-25B2-97EF-C106-318F1C56DB7D}"
EndProject
Project("{FAE04EC0-301F-11D3-BF4B-00C04F79EFBC}") = "Exercise02", "Chapter08\演習問題\Exercise02\Exercise02.csproj", "{06898B8A-CC27-A1B2-69C8-89831A372D7F}"
EndProject
Project("{2150E333-8FDC-42A3-9474-1A3956D46DE8}") = "Chapter09", "Chapter09", "{FBAE79B1-26B8-484E-92A6-730623BE8453}"
EndProject
Project("{FAE04EC0-301F-11D3-BF4B-00C04F79EFBC}") = "Section01", "Chapter09\Section01\Section01.csproj", "{86E2D678-330B-4D6A-84DC-C5C9522C73AC}"
EndProject
Project("{2150E333-8FDC-42A3-9474-1A3956D46DE8}") = "演習問題", "演習問題", "{85C6FD35-5516-476B-8E85-2E28B1C04DD1}"
EndProject
Project("{FAE04EC0-301F-11D3-BF4B-00C04F79EFBC}") = "Execise01", "Chapter09\演習問題\Execise01\Execise01.csproj", "{D80360F2-899D-4D15-BEA4-C98718848672}"
EndProject
Project("{FAE04EC0-301F-11D3-BF4B-00C04F79EFBC}") = "Exercise03", "Chapter09\演習問題\Exercise03\Exercise03.csproj", "{13EA441B-E72F-5CA2-D5D4-B3F52139D7CF}"
EndProject
Project("{2150E333-8FDC-42A3-9474-1A3956D46DE8}") = "FormApps", "FormApps", "{D596C1F7-269B-49BD-B23B-5B2AF5A13845}"
EndProject
Project("{FAE04EC0-301F-11D3-BF4B-00C04F79EFBC}") = "CarReportSystem", "FormApps\CarReportSystem\CarReportSystem.csproj", "{2586EF32-B298-4159-98CA-822DB1DD4EBA}"
EndProject
Project("{FAE04EC0-301F-11D3-BF4B-00C04F79EFBC}") = "SQLiteProductSample", "FormApps\SQLiteProductSample\SQLiteProductSample.csproj", "{84B66FDD-5552-D43E-B2CB-9DC2A25E5F4C}"
EndProject
Global
	GlobalSection(SolutionConfigurationPlatforms) = preSolution
		Debug|Any CPU = Debug|Any CPU
		Release|Any CPU = Release|Any CPU
	EndGlobalSection
	GlobalSection(ProjectConfigurationPlatforms) = postSolution
		{95BFA75F-778B-491E-8002-5647D129090D}.Debug|Any CPU.ActiveCfg = Debug|Any CPU
		{95BFA75F-778B-491E-8002-5647D129090D}.Debug|Any CPU.Build.0 = Debug|Any CPU
		{95BFA75F-778B-491E-8002-5647D129090D}.Release|Any CPU.ActiveCfg = Release|Any CPU
		{95BFA75F-778B-491E-8002-5647D129090D}.Release|Any CPU.Build.0 = Release|Any CPU
		{D0F00D84-AD20-C5D6-67FE-85D6CB59A7CE}.Debug|Any CPU.ActiveCfg = Debug|Any CPU
		{D0F00D84-AD20-C5D6-67FE-85D6CB59A7CE}.Debug|Any CPU.Build.0 = Debug|Any CPU
		{D0F00D84-AD20-C5D6-67FE-85D6CB59A7CE}.Release|Any CPU.ActiveCfg = Release|Any CPU
		{D0F00D84-AD20-C5D6-67FE-85D6CB59A7CE}.Release|Any CPU.Build.0 = Release|Any CPU
		{EB11C1AF-3BBE-9D8B-B13B-CEF382F22312}.Debug|Any CPU.ActiveCfg = Debug|Any CPU
		{EB11C1AF-3BBE-9D8B-B13B-CEF382F22312}.Debug|Any CPU.Build.0 = Debug|Any CPU
		{EB11C1AF-3BBE-9D8B-B13B-CEF382F22312}.Release|Any CPU.ActiveCfg = Release|Any CPU
		{EB11C1AF-3BBE-9D8B-B13B-CEF382F22312}.Release|Any CPU.Build.0 = Release|Any CPU
		{3B82A3AB-C410-4585-AEFA-AE849DF52334}.Debug|Any CPU.ActiveCfg = Debug|Any CPU
		{3B82A3AB-C410-4585-AEFA-AE849DF52334}.Debug|Any CPU.Build.0 = Debug|Any CPU
		{3B82A3AB-C410-4585-AEFA-AE849DF52334}.Release|Any CPU.ActiveCfg = Release|Any CPU
		{3B82A3AB-C410-4585-AEFA-AE849DF52334}.Release|Any CPU.Build.0 = Release|Any CPU
		{821A02C2-47EE-C695-4C82-2CC78841F196}.Debug|Any CPU.ActiveCfg = Debug|Any CPU
		{821A02C2-47EE-C695-4C82-2CC78841F196}.Debug|Any CPU.Build.0 = Debug|Any CPU
		{821A02C2-47EE-C695-4C82-2CC78841F196}.Release|Any CPU.ActiveCfg = Release|Any CPU
		{821A02C2-47EE-C695-4C82-2CC78841F196}.Release|Any CPU.Build.0 = Release|Any CPU
		{776C3901-4D92-4DB8-A8E2-42B157DCFF86}.Debug|Any CPU.ActiveCfg = Debug|Any CPU
		{776C3901-4D92-4DB8-A8E2-42B157DCFF86}.Debug|Any CPU.Build.0 = Debug|Any CPU
		{776C3901-4D92-4DB8-A8E2-42B157DCFF86}.Release|Any CPU.ActiveCfg = Release|Any CPU
		{776C3901-4D92-4DB8-A8E2-42B157DCFF86}.Release|Any CPU.Build.0 = Release|Any CPU
		{23BBE9C1-7FC4-45CA-9209-F00DEE53EDC3}.Debug|Any CPU.ActiveCfg = Debug|Any CPU
		{23BBE9C1-7FC4-45CA-9209-F00DEE53EDC3}.Debug|Any CPU.Build.0 = Debug|Any CPU
		{23BBE9C1-7FC4-45CA-9209-F00DEE53EDC3}.Release|Any CPU.ActiveCfg = Release|Any CPU
		{23BBE9C1-7FC4-45CA-9209-F00DEE53EDC3}.Release|Any CPU.Build.0 = Release|Any CPU
		{8A5982E7-0E89-4317-9BEC-C1BA281889AC}.Debug|Any CPU.ActiveCfg = Debug|Any CPU
		{8A5982E7-0E89-4317-9BEC-C1BA281889AC}.Debug|Any CPU.Build.0 = Debug|Any CPU
		{8A5982E7-0E89-4317-9BEC-C1BA281889AC}.Release|Any CPU.ActiveCfg = Release|Any CPU
		{8A5982E7-0E89-4317-9BEC-C1BA281889AC}.Release|Any CPU.Build.0 = Release|Any CPU
		{A708CB98-EAFC-4814-AF3F-1FBC17AD48AF}.Debug|Any CPU.ActiveCfg = Debug|Any CPU
		{A708CB98-EAFC-4814-AF3F-1FBC17AD48AF}.Debug|Any CPU.Build.0 = Debug|Any CPU
		{A708CB98-EAFC-4814-AF3F-1FBC17AD48AF}.Release|Any CPU.ActiveCfg = Release|Any CPU
		{A708CB98-EAFC-4814-AF3F-1FBC17AD48AF}.Release|Any CPU.Build.0 = Release|Any CPU
		{593D473D-6DC2-66C1-6204-0F54E4617145}.Debug|Any CPU.ActiveCfg = Debug|Any CPU
		{593D473D-6DC2-66C1-6204-0F54E4617145}.Debug|Any CPU.Build.0 = Debug|Any CPU
		{593D473D-6DC2-66C1-6204-0F54E4617145}.Release|Any CPU.ActiveCfg = Release|Any CPU
		{593D473D-6DC2-66C1-6204-0F54E4617145}.Release|Any CPU.Build.0 = Release|Any CPU
		{BD251C86-9DCB-D52C-D711-57EDAD770B9E}.Debug|Any CPU.ActiveCfg = Debug|Any CPU
		{BD251C86-9DCB-D52C-D711-57EDAD770B9E}.Debug|Any CPU.Build.0 = Debug|Any CPU
		{BD251C86-9DCB-D52C-D711-57EDAD770B9E}.Release|Any CPU.ActiveCfg = Release|Any CPU
		{BD251C86-9DCB-D52C-D711-57EDAD770B9E}.Release|Any CPU.Build.0 = Release|Any CPU
		{9661600F-9E2E-EC39-AFA2-64DBC15CE967}.Debug|Any CPU.ActiveCfg = Debug|Any CPU
		{9661600F-9E2E-EC39-AFA2-64DBC15CE967}.Debug|Any CPU.Build.0 = Debug|Any CPU
		{9661600F-9E2E-EC39-AFA2-64DBC15CE967}.Release|Any CPU.ActiveCfg = Release|Any CPU
		{9661600F-9E2E-EC39-AFA2-64DBC15CE967}.Release|Any CPU.Build.0 = Release|Any CPU
		{1852BB95-25DD-4FFF-9EA1-58C5992DE877}.Debug|Any CPU.ActiveCfg = Debug|Any CPU
		{1852BB95-25DD-4FFF-9EA1-58C5992DE877}.Debug|Any CPU.Build.0 = Debug|Any CPU
		{1852BB95-25DD-4FFF-9EA1-58C5992DE877}.Release|Any CPU.ActiveCfg = Release|Any CPU
		{1852BB95-25DD-4FFF-9EA1-58C5992DE877}.Release|Any CPU.Build.0 = Release|Any CPU
		{8713E613-9C34-42A4-B54A-FF94BE6D7733}.Debug|Any CPU.ActiveCfg = Debug|Any CPU
		{8713E613-9C34-42A4-B54A-FF94BE6D7733}.Debug|Any CPU.Build.0 = Debug|Any CPU
		{8713E613-9C34-42A4-B54A-FF94BE6D7733}.Release|Any CPU.ActiveCfg = Release|Any CPU
		{8713E613-9C34-42A4-B54A-FF94BE6D7733}.Release|Any CPU.Build.0 = Release|Any CPU
		{C1D63E63-E64B-FCB7-4276-5EBCB0FEC291}.Debug|Any CPU.ActiveCfg = Debug|Any CPU
		{C1D63E63-E64B-FCB7-4276-5EBCB0FEC291}.Debug|Any CPU.Build.0 = Debug|Any CPU
		{C1D63E63-E64B-FCB7-4276-5EBCB0FEC291}.Release|Any CPU.ActiveCfg = Release|Any CPU
		{C1D63E63-E64B-FCB7-4276-5EBCB0FEC291}.Release|Any CPU.Build.0 = Release|Any CPU
		{57DE488F-4A07-4FC8-AA79-1005A44D1F56}.Debug|Any CPU.ActiveCfg = Debug|Any CPU
		{57DE488F-4A07-4FC8-AA79-1005A44D1F56}.Debug|Any CPU.Build.0 = Debug|Any CPU
		{57DE488F-4A07-4FC8-AA79-1005A44D1F56}.Release|Any CPU.ActiveCfg = Release|Any CPU
		{57DE488F-4A07-4FC8-AA79-1005A44D1F56}.Release|Any CPU.Build.0 = Release|Any CPU
		{24F402D5-6AB4-4767-807C-4AF149D7B502}.Debug|Any CPU.ActiveCfg = Debug|Any CPU
		{24F402D5-6AB4-4767-807C-4AF149D7B502}.Debug|Any CPU.Build.0 = Debug|Any CPU
		{24F402D5-6AB4-4767-807C-4AF149D7B502}.Release|Any CPU.ActiveCfg = Release|Any CPU
		{24F402D5-6AB4-4767-807C-4AF149D7B502}.Release|Any CPU.Build.0 = Release|Any CPU
		{4641299D-8432-4709-BF34-AE91FCDCFBCA}.Debug|Any CPU.ActiveCfg = Debug|Any CPU
		{4641299D-8432-4709-BF34-AE91FCDCFBCA}.Debug|Any CPU.Build.0 = Debug|Any CPU
		{4641299D-8432-4709-BF34-AE91FCDCFBCA}.Release|Any CPU.ActiveCfg = Release|Any CPU
		{4641299D-8432-4709-BF34-AE91FCDCFBCA}.Release|Any CPU.Build.0 = Release|Any CPU
		{A3ACA33D-6226-7668-2993-2FC9EA8C783B}.Debug|Any CPU.ActiveCfg = Debug|Any CPU
		{A3ACA33D-6226-7668-2993-2FC9EA8C783B}.Debug|Any CPU.Build.0 = Debug|Any CPU
		{A3ACA33D-6226-7668-2993-2FC9EA8C783B}.Release|Any CPU.ActiveCfg = Release|Any CPU
		{A3ACA33D-6226-7668-2993-2FC9EA8C783B}.Release|Any CPU.Build.0 = Release|Any CPU
		{65730FB7-9051-4A8E-AE9C-F6B7588FB7B6}.Debug|Any CPU.ActiveCfg = Debug|Any CPU
		{65730FB7-9051-4A8E-AE9C-F6B7588FB7B6}.Debug|Any CPU.Build.0 = Debug|Any CPU
		{65730FB7-9051-4A8E-AE9C-F6B7588FB7B6}.Release|Any CPU.ActiveCfg = Release|Any CPU
		{65730FB7-9051-4A8E-AE9C-F6B7588FB7B6}.Release|Any CPU.Build.0 = Release|Any CPU
		{BD7E859B-337A-4956-8A66-140C00002ED8}.Debug|Any CPU.ActiveCfg = Debug|Any CPU
		{BD7E859B-337A-4956-8A66-140C00002ED8}.Debug|Any CPU.Build.0 = Debug|Any CPU
		{BD7E859B-337A-4956-8A66-140C00002ED8}.Release|Any CPU.ActiveCfg = Release|Any CPU
		{BD7E859B-337A-4956-8A66-140C00002ED8}.Release|Any CPU.Build.0 = Release|Any CPU
		{B3D7D749-A4F9-47E9-A16A-BE04893FCF57}.Debug|Any CPU.ActiveCfg = Debug|Any CPU
		{B3D7D749-A4F9-47E9-A16A-BE04893FCF57}.Debug|Any CPU.Build.0 = Debug|Any CPU
		{B3D7D749-A4F9-47E9-A16A-BE04893FCF57}.Release|Any CPU.ActiveCfg = Release|Any CPU
		{B3D7D749-A4F9-47E9-A16A-BE04893FCF57}.Release|Any CPU.Build.0 = Release|Any CPU
		{080987E0-6E06-4A3B-B7DF-FEDDCFE0ACC5}.Debug|Any CPU.ActiveCfg = Debug|Any CPU
		{080987E0-6E06-4A3B-B7DF-FEDDCFE0ACC5}.Debug|Any CPU.Build.0 = Debug|Any CPU
		{080987E0-6E06-4A3B-B7DF-FEDDCFE0ACC5}.Release|Any CPU.ActiveCfg = Release|Any CPU
		{080987E0-6E06-4A3B-B7DF-FEDDCFE0ACC5}.Release|Any CPU.Build.0 = Release|Any CPU
		{766DC129-B7E6-6BE5-67FF-02794A6C9D6A}.Debug|Any CPU.ActiveCfg = Debug|Any CPU
		{766DC129-B7E6-6BE5-67FF-02794A6C9D6A}.Debug|Any CPU.Build.0 = Debug|Any CPU
		{766DC129-B7E6-6BE5-67FF-02794A6C9D6A}.Release|Any CPU.ActiveCfg = Release|Any CPU
		{766DC129-B7E6-6BE5-67FF-02794A6C9D6A}.Release|Any CPU.Build.0 = Release|Any CPU
		{2959F0AC-F72E-4C66-A446-A95739ED734F}.Debug|Any CPU.ActiveCfg = Debug|Any CPU
		{2959F0AC-F72E-4C66-A446-A95739ED734F}.Debug|Any CPU.Build.0 = Debug|Any CPU
		{2959F0AC-F72E-4C66-A446-A95739ED734F}.Release|Any CPU.ActiveCfg = Release|Any CPU
		{2959F0AC-F72E-4C66-A446-A95739ED734F}.Release|Any CPU.Build.0 = Release|Any CPU
		{8758FBDB-9295-0DA5-31B6-DA01667F06FB}.Debug|Any CPU.ActiveCfg = Debug|Any CPU
		{8758FBDB-9295-0DA5-31B6-DA01667F06FB}.Debug|Any CPU.Build.0 = Debug|Any CPU
		{8758FBDB-9295-0DA5-31B6-DA01667F06FB}.Release|Any CPU.ActiveCfg = Release|Any CPU
		{8758FBDB-9295-0DA5-31B6-DA01667F06FB}.Release|Any CPU.Build.0 = Release|Any CPU
		{C4BA35DB-71B3-4A45-8007-67B6CF6970EF}.Debug|Any CPU.ActiveCfg = Debug|Any CPU
		{C4BA35DB-71B3-4A45-8007-67B6CF6970EF}.Debug|Any CPU.Build.0 = Debug|Any CPU
		{C4BA35DB-71B3-4A45-8007-67B6CF6970EF}.Release|Any CPU.ActiveCfg = Release|Any CPU
		{C4BA35DB-71B3-4A45-8007-67B6CF6970EF}.Release|Any CPU.Build.0 = Release|Any CPU
		{1A72B873-1A6B-4243-B259-AB2F98F67CF3}.Debug|Any CPU.ActiveCfg = Debug|Any CPU
		{1A72B873-1A6B-4243-B259-AB2F98F67CF3}.Debug|Any CPU.Build.0 = Debug|Any CPU
		{1A72B873-1A6B-4243-B259-AB2F98F67CF3}.Release|Any CPU.ActiveCfg = Release|Any CPU
		{1A72B873-1A6B-4243-B259-AB2F98F67CF3}.Release|Any CPU.Build.0 = Release|Any CPU
		{09D01F2D-A9C1-7ADF-ACF0-6CE8655624B3}.Debug|Any CPU.ActiveCfg = Debug|Any CPU
		{09D01F2D-A9C1-7ADF-ACF0-6CE8655624B3}.Debug|Any CPU.Build.0 = Debug|Any CPU
		{09D01F2D-A9C1-7ADF-ACF0-6CE8655624B3}.Release|Any CPU.ActiveCfg = Release|Any CPU
		{09D01F2D-A9C1-7ADF-ACF0-6CE8655624B3}.Release|Any CPU.Build.0 = Release|Any CPU
		{B8441293-5D7D-B752-6216-4C5005BF772D}.Debug|Any CPU.ActiveCfg = Debug|Any CPU
		{B8441293-5D7D-B752-6216-4C5005BF772D}.Debug|Any CPU.Build.0 = Debug|Any CPU
		{B8441293-5D7D-B752-6216-4C5005BF772D}.Release|Any CPU.ActiveCfg = Release|Any CPU
		{B8441293-5D7D-B752-6216-4C5005BF772D}.Release|Any CPU.Build.0 = Release|Any CPU
		{D7F347E4-C87C-CC1A-89F8-6D28A7CCB4B3}.Debug|Any CPU.ActiveCfg = Debug|Any CPU
		{D7F347E4-C87C-CC1A-89F8-6D28A7CCB4B3}.Debug|Any CPU.Build.0 = Debug|Any CPU
		{D7F347E4-C87C-CC1A-89F8-6D28A7CCB4B3}.Release|Any CPU.ActiveCfg = Release|Any CPU
		{D7F347E4-C87C-CC1A-89F8-6D28A7CCB4B3}.Release|Any CPU.Build.0 = Release|Any CPU
		{8E6BD6D0-3412-4922-813A-BF2BA3AF038B}.Debug|Any CPU.ActiveCfg = Debug|Any CPU
		{8E6BD6D0-3412-4922-813A-BF2BA3AF038B}.Debug|Any CPU.Build.0 = Debug|Any CPU
		{8E6BD6D0-3412-4922-813A-BF2BA3AF038B}.Release|Any CPU.ActiveCfg = Release|Any CPU
		{8E6BD6D0-3412-4922-813A-BF2BA3AF038B}.Release|Any CPU.Build.0 = Release|Any CPU
		{27B8A732-F6B0-0004-1291-A3D8F76543D5}.Debug|Any CPU.ActiveCfg = Debug|Any CPU
		{27B8A732-F6B0-0004-1291-A3D8F76543D5}.Debug|Any CPU.Build.0 = Debug|Any CPU
		{27B8A732-F6B0-0004-1291-A3D8F76543D5}.Release|Any CPU.ActiveCfg = Release|Any CPU
		{27B8A732-F6B0-0004-1291-A3D8F76543D5}.Release|Any CPU.Build.0 = Release|Any CPU
		{7C06D570-5236-67C0-200D-EFEA42F6ED6E}.Debug|Any CPU.ActiveCfg = Debug|Any CPU
		{7C06D570-5236-67C0-200D-EFEA42F6ED6E}.Debug|Any CPU.Build.0 = Debug|Any CPU
		{7C06D570-5236-67C0-200D-EFEA42F6ED6E}.Release|Any CPU.ActiveCfg = Release|Any CPU
		{7C06D570-5236-67C0-200D-EFEA42F6ED6E}.Release|Any CPU.Build.0 = Release|Any CPU
		{D589C9D2-25B2-97EF-C106-318F1C56DB7D}.Debug|Any CPU.ActiveCfg = Debug|Any CPU
		{D589C9D2-25B2-97EF-C106-318F1C56DB7D}.Debug|Any CPU.Build.0 = Debug|Any CPU
		{D589C9D2-25B2-97EF-C106-318F1C56DB7D}.Release|Any CPU.ActiveCfg = Release|Any CPU
		{D589C9D2-25B2-97EF-C106-318F1C56DB7D}.Release|Any CPU.Build.0 = Release|Any CPU
		{06898B8A-CC27-A1B2-69C8-89831A372D7F}.Debug|Any CPU.ActiveCfg = Debug|Any CPU
		{06898B8A-CC27-A1B2-69C8-89831A372D7F}.Debug|Any CPU.Build.0 = Debug|Any CPU
		{06898B8A-CC27-A1B2-69C8-89831A372D7F}.Release|Any CPU.ActiveCfg = Release|Any CPU
		{06898B8A-CC27-A1B2-69C8-89831A372D7F}.Release|Any CPU.Build.0 = Release|Any CPU
		{86E2D678-330B-4D6A-84DC-C5C9522C73AC}.Debug|Any CPU.ActiveCfg = Debug|Any CPU
		{86E2D678-330B-4D6A-84DC-C5C9522C73AC}.Debug|Any CPU.Build.0 = Debug|Any CPU
		{86E2D678-330B-4D6A-84DC-C5C9522C73AC}.Release|Any CPU.ActiveCfg = Release|Any CPU
		{86E2D678-330B-4D6A-84DC-C5C9522C73AC}.Release|Any CPU.Build.0 = Release|Any CPU
		{D80360F2-899D-4D15-BEA4-C98718848672}.Debug|Any CPU.ActiveCfg = Debug|Any CPU
		{D80360F2-899D-4D15-BEA4-C98718848672}.Debug|Any CPU.Build.0 = Debug|Any CPU
		{D80360F2-899D-4D15-BEA4-C98718848672}.Release|Any CPU.ActiveCfg = Release|Any CPU
		{D80360F2-899D-4D15-BEA4-C98718848672}.Release|Any CPU.Build.0 = Release|Any CPU
		{13EA441B-E72F-5CA2-D5D4-B3F52139D7CF}.Debug|Any CPU.ActiveCfg = Debug|Any CPU
		{13EA441B-E72F-5CA2-D5D4-B3F52139D7CF}.Debug|Any CPU.Build.0 = Debug|Any CPU
		{13EA441B-E72F-5CA2-D5D4-B3F52139D7CF}.Release|Any CPU.ActiveCfg = Release|Any CPU
		{13EA441B-E72F-5CA2-D5D4-B3F52139D7CF}.Release|Any CPU.Build.0 = Release|Any CPU
		{2586EF32-B298-4159-98CA-822DB1DD4EBA}.Debug|Any CPU.ActiveCfg = Debug|Any CPU
		{2586EF32-B298-4159-98CA-822DB1DD4EBA}.Debug|Any CPU.Build.0 = Debug|Any CPU
		{2586EF32-B298-4159-98CA-822DB1DD4EBA}.Release|Any CPU.ActiveCfg = Release|Any CPU
		{2586EF32-B298-4159-98CA-822DB1DD4EBA}.Release|Any CPU.Build.0 = Release|Any CPU
		{84B66FDD-5552-D43E-B2CB-9DC2A25E5F4C}.Debug|Any CPU.ActiveCfg = Debug|Any CPU
		{84B66FDD-5552-D43E-B2CB-9DC2A25E5F4C}.Debug|Any CPU.Build.0 = Debug|Any CPU
		{84B66FDD-5552-D43E-B2CB-9DC2A25E5F4C}.Release|Any CPU.ActiveCfg = Release|Any CPU
		{84B66FDD-5552-D43E-B2CB-9DC2A25E5F4C}.Release|Any CPU.Build.0 = Release|Any CPU
	EndGlobalSection
	GlobalSection(SolutionProperties) = preSolution
		HideSolutionNode = FALSE
	EndGlobalSection
	GlobalSection(NestedProjects) = preSolution
		{95BFA75F-778B-491E-8002-5647D129090D} = {DDB4EF12-CC4E-5E88-E6FC-71A802F4DE97}
		{D0F00D84-AD20-C5D6-67FE-85D6CB59A7CE} = {DDB4EF12-CC4E-5E88-E6FC-71A802F4DE97}
		{EB11C1AF-3BBE-9D8B-B13B-CEF382F22312} = {DDB4EF12-CC4E-5E88-E6FC-71A802F4DE97}
		{9A0C516F-F296-4C56-B2DA-0C699CE241C5} = {E7867D3C-3C42-4498-8ADD-2EA803749B88}
		{3B82A3AB-C410-4585-AEFA-AE849DF52334} = {9A0C516F-F296-4C56-B2DA-0C699CE241C5}
		{B9B4627A-C81D-4B33-B5C5-AF3F3FBE8298} = {B1AEB887-789A-445E-A863-749157B85DA8}
		{821A02C2-47EE-C695-4C82-2CC78841F196} = {B9B4627A-C81D-4B33-B5C5-AF3F3FBE8298}
		{BE1C42B3-6938-4591-BD34-41280C6D6947} = {E7867D3C-3C42-4498-8ADD-2EA803749B88}
		{776C3901-4D92-4DB8-A8E2-42B157DCFF86} = {BE1C42B3-6938-4591-BD34-41280C6D6947}
		{FC3063DF-FF5F-4116-80A3-7F2463FBAC70} = {E7867D3C-3C42-4498-8ADD-2EA803749B88}
		{23BBE9C1-7FC4-45CA-9209-F00DEE53EDC3} = {FC3063DF-FF5F-4116-80A3-7F2463FBAC70}
		{8A5982E7-0E89-4317-9BEC-C1BA281889AC} = {FC3063DF-FF5F-4116-80A3-7F2463FBAC70}
		{7CA38F68-463B-4A65-A77F-D03F6AF0E648} = {4C2F7992-9D7C-46E5-B7B6-9A3D0E28DB07}
		{A6A4F936-023B-4F65-91DC-F72E8B07E9AD} = {4C2F7992-9D7C-46E5-B7B6-9A3D0E28DB07}
		{A708CB98-EAFC-4814-AF3F-1FBC17AD48AF} = {A6A4F936-023B-4F65-91DC-F72E8B07E9AD}
		{593D473D-6DC2-66C1-6204-0F54E4617145} = {7CA38F68-463B-4A65-A77F-D03F6AF0E648}
		{BD251C86-9DCB-D52C-D711-57EDAD770B9E} = {7CA38F68-463B-4A65-A77F-D03F6AF0E648}
		{9661600F-9E2E-EC39-AFA2-64DBC15CE967} = {A6A4F936-023B-4F65-91DC-F72E8B07E9AD}
		{707A624B-2B2C-4F67-8D53-A627B632C48A} = {B1AEB887-789A-445E-A863-749157B85DA8}
		{1852BB95-25DD-4FFF-9EA1-58C5992DE877} = {707A624B-2B2C-4F67-8D53-A627B632C48A}
		{E04457A0-675F-48D2-B8DA-BA3559986912} = {B1AEB887-789A-445E-A863-749157B85DA8}
		{8713E613-9C34-42A4-B54A-FF94BE6D7733} = {E04457A0-675F-48D2-B8DA-BA3559986912}
		{C1D63E63-E64B-FCB7-4276-5EBCB0FEC291} = {E04457A0-675F-48D2-B8DA-BA3559986912}
		{04E25251-1240-4B3A-9B99-0C7EA36E3BAA} = {E82A8C88-AC2D-4A4A-8E6A-707872CB744F}
		{57DE488F-4A07-4FC8-AA79-1005A44D1F56} = {04E25251-1240-4B3A-9B99-0C7EA36E3BAA}
		{C59E1F94-1FC5-4082-9C8A-24744872353D} = {E82A8C88-AC2D-4A4A-8E6A-707872CB744F}
		{24F402D5-6AB4-4767-807C-4AF149D7B502} = {C59E1F94-1FC5-4082-9C8A-24744872353D}
		{408B4009-7AA9-419E-9601-624158E3F537} = {E82A8C88-AC2D-4A4A-8E6A-707872CB744F}
		{4641299D-8432-4709-BF34-AE91FCDCFBCA} = {408B4009-7AA9-419E-9601-624158E3F537}
		{A3ACA33D-6226-7668-2993-2FC9EA8C783B} = {408B4009-7AA9-419E-9601-624158E3F537}
		{65730FB7-9051-4A8E-AE9C-F6B7588FB7B6} = {408B4009-7AA9-419E-9601-624158E3F537}
		{07A0FC39-AD2A-4794-A249-DF21233DAE8B} = {CE2B5EEB-E5DC-4AB1-BF5A-4648BF54E386}
		{BD7E859B-337A-4956-8A66-140C00002ED8} = {07A0FC39-AD2A-4794-A249-DF21233DAE8B}
		{E8EA88B5-D880-466D-84EB-79DCF12E6137} = {CE2B5EEB-E5DC-4AB1-BF5A-4648BF54E386}
		{B3D7D749-A4F9-47E9-A16A-BE04893FCF57} = {E8EA88B5-D880-466D-84EB-79DCF12E6137}
		{080987E0-6E06-4A3B-B7DF-FEDDCFE0ACC5} = {E8EA88B5-D880-466D-84EB-79DCF12E6137}
		{766DC129-B7E6-6BE5-67FF-02794A6C9D6A} = {E8EA88B5-D880-466D-84EB-79DCF12E6137}
		{4BA32E51-734A-48AD-BF60-D8C35EFEDF70} = {CE2B5EEB-E5DC-4AB1-BF5A-4648BF54E386}
		{2959F0AC-F72E-4C66-A446-A95739ED734F} = {4BA32E51-734A-48AD-BF60-D8C35EFEDF70}
		{8758FBDB-9295-0DA5-31B6-DA01667F06FB} = {E8EA88B5-D880-466D-84EB-79DCF12E6137}
		{C12E271D-1270-4550-AD0E-3CA38215AA4F} = {D4C652D0-ED9A-4AEB-AE23-240D42220A26}
		{C4BA35DB-71B3-4A45-8007-67B6CF6970EF} = {D4C652D0-ED9A-4AEB-AE23-240D42220A26}
		{1A72B873-1A6B-4243-B259-AB2F98F67CF3} = {C12E271D-1270-4550-AD0E-3CA38215AA4F}
		{09D01F2D-A9C1-7ADF-ACF0-6CE8655624B3} = {C12E271D-1270-4550-AD0E-3CA38215AA4F}
		{B8441293-5D7D-B752-6216-4C5005BF772D} = {BF8DC911-0677-463C-97B3-F63E5F755639}
		{D7F347E4-C87C-CC1A-89F8-6D28A7CCB4B3} = {BF8DC911-0677-463C-97B3-F63E5F755639}
		{8E6BD6D0-3412-4922-813A-BF2BA3AF038B} = {0F217356-41C2-43BE-9C45-AAD3A76DE203}
		{27B8A732-F6B0-0004-1291-A3D8F76543D5} = {0F217356-41C2-43BE-9C45-AAD3A76DE203}
		{7C06D570-5236-67C0-200D-EFEA42F6ED6E} = {0F217356-41C2-43BE-9C45-AAD3A76DE203}
		{F46D50AB-3586-4C58-95A2-C3CC731EBC95} = {0F217356-41C2-43BE-9C45-AAD3A76DE203}
		{D589C9D2-25B2-97EF-C106-318F1C56DB7D} = {F46D50AB-3586-4C58-95A2-C3CC731EBC95}
		{06898B8A-CC27-A1B2-69C8-89831A372D7F} = {F46D50AB-3586-4C58-95A2-C3CC731EBC95}
		{86E2D678-330B-4D6A-84DC-C5C9522C73AC} = {FBAE79B1-26B8-484E-92A6-730623BE8453}
		{85C6FD35-5516-476B-8E85-2E28B1C04DD1} = {FBAE79B1-26B8-484E-92A6-730623BE8453}
		{D80360F2-899D-4D15-BEA4-C98718848672} = {85C6FD35-5516-476B-8E85-2E28B1C04DD1}
		{13EA441B-E72F-5CA2-D5D4-B3F52139D7CF} = {85C6FD35-5516-476B-8E85-2E28B1C04DD1}
		{2586EF32-B298-4159-98CA-822DB1DD4EBA} = {D596C1F7-269B-49BD-B23B-5B2AF5A13845}
		{84B66FDD-5552-D43E-B2CB-9DC2A25E5F4C} = {D596C1F7-269B-49BD-B23B-5B2AF5A13845}
	EndGlobalSection
	GlobalSection(ExtensibilityGlobals) = postSolution
		SolutionGuid = {38D18EC0-5ECC-439D-B543-68163742897D}
	EndGlobalSection
EndGlobal
